
Microsoft Visual Studio Solution File, Format Version 12.00
# Visual Studio 15
VisualStudioVersion = 15.0.26730.16
MinimumVisualStudioVersion = 10.0.40219.1
Project("{159641D6-6404-4A2A-AE62-294DE0FE8301}") = "bsi510proyecto1", "bsi510proyecto1\bsi510proyecto1.dtproj", "{179EA0A3-0394-42F4-B2C0-D93DBC92C3C8}"
EndProject
Global
	GlobalSection(SolutionConfigurationPlatforms) = preSolution
		Development|Default = Development|Default
	EndGlobalSection
	GlobalSection(ProjectConfigurationPlatforms) = postSolution
		{179EA0A3-0394-42F4-B2C0-D93DBC92C3C8}.Development|Default.ActiveCfg = Development
		{179EA0A3-0394-42F4-B2C0-D93DBC92C3C8}.Development|Default.Build.0 = Development
	EndGlobalSection
	GlobalSection(SolutionProperties) = preSolution
		HideSolutionNode = FALSE
	EndGlobalSection
	GlobalSection(ExtensibilityGlobals) = postSolution
		SolutionGuid = {410F84D1-293C-4FF8-93C1-8343C969EDEF}
	EndGlobalSection
EndGlobal
